// !$*UTF8*$!
{
	archiveVersion = 1;
	classes = {
	};
	objectVersion = 46;
	objects = {

/* Begin PBXBuildFile section */
		61A4F9401C468F36004AAFDB /* AppDelegate.swift in Sources */ = {isa = PBXBuildFile; fileRef = 61A4F93F1C468F36004AAFDB /* AppDelegate.swift */; };
		61A4F9421C468F36004AAFDB /* ViewController.swift in Sources */ = {isa = PBXBuildFile; fileRef = 61A4F9411C468F36004AAFDB /* ViewController.swift */; };
		61A4F9451C468F36004AAFDB /* Main.storyboard in Resources */ = {isa = PBXBuildFile; fileRef = 61A4F9431C468F36004AAFDB /* Main.storyboard */; };
		61A4F9471C468F36004AAFDB /* Assets.xcassets in Resources */ = {isa = PBXBuildFile; fileRef = 61A4F9461C468F36004AAFDB /* Assets.xcassets */; };
		61A4F94A1C468F36004AAFDB /* LaunchScreen.storyboard in Resources */ = {isa = PBXBuildFile; fileRef = 61A4F9481C468F36004AAFDB /* LaunchScreen.storyboard */; };
		61A4F9551C468F36004AAFDB /* ej2Tests.swift in Sources */ = {isa = PBXBuildFile; fileRef = 61A4F9541C468F36004AAFDB /* ej2Tests.swift */; };
/* End PBXBuildFile section */

/* Begin PBXContainerItemProxy section */
		61A4F9511C468F36004AAFDB /* PBXContainerItemProxy */ = {
			isa = PBXContainerItemProxy;
			containerPortal = 61A4F9341C468F36004AAFDB /* Project object */;
			proxyType = 1;
			remoteGlobalIDString = 61A4F93B1C468F36004AAFDB;
			remoteInfo = ej2;
		};
/* End PBXContainerItemProxy section */

/* Begin PBXFileReference section */
		61A4F93C1C468F36004AAFDB /* ej2.app */ = {isa = PBXFileReference; explicitFileType = wrapper.application; includeInIndex = 0; path = ej2.app; sourceTree = BUILT_PRODUCTS_DIR; };
		61A4F93F1C468F36004AAFDB /* AppDelegate.swift */ = {isa = PBXFileReference; lastKnownFileType = sourcecode.swift; path = AppDelegate.swift; sourceTree = "<group>"; };
		61A4F9411C468F36004AAFDB /* ViewController.swift */ = {isa = PBXFileReference; lastKnownFileType = sourcecode.swift; path = ViewController.swift; sourceTree = "<group>"; };
		61A4F9441C468F36004AAFDB /* Base */ = {isa = PBXFileReference; lastKnownFileType = file.storyboard; name = Base; path = Base.lproj/Main.storyboard; sourceTree = "<group>"; };
		61A4F9461C468F36004AAFDB /* Assets.xcassets */ = {isa = PBXFileReference; lastKnownFileType = folder.assetcatalog; path = Assets.xcassets; sourceTree = "<group>"; };
		61A4F9491C468F36004AAFDB /* Base */ = {isa = PBXFileReference; lastKnownFileType = file.storyboard; name = Base; path = Base.lproj/LaunchScreen.storyboard; sourceTree = "<group>"; };
		61A4F94B1C468F36004AAFDB /* Info.plist */ = {isa = PBXFileReference; lastKnownFileType = text.plist.xml; path = Info.plist; sourceTree = "<group>"; };
		61A4F9501C468F36004AAFDB /* ej2Tests.xctest */ = {isa = PBXFileReference; explicitFileType = wrapper.cfbundle; includeInIndex = 0; path = ej2Tests.xctest; sourceTree = BUILT_PRODUCTS_DIR; };
		61A4F9541C468F36004AAFDB /* ej2Tests.swift */ = {isa = PBXFileReference; lastKnownFileType = sourcecode.swift; path = ej2Tests.swift; sourceTree = "<group>"; };
		61A4F9561C468F36004AAFDB /* Info.plist */ = {isa = PBXFileReference; lastKnownFileType = text.plist.xml; path = Info.plist; sourceTree = "<group>"; };
/* End PBXFileReference section */

/* Begin PBXFrameworksBuildPhase section */
		61A4F9391C468F36004AAFDB /* Frameworks */ = {
			isa = PBXFrameworksBuildPhase;
			buildActionMask = 2147483647;
			files = (
			);
			runOnlyForDeploymentPostprocessing = 0;
		};
		61A4F94D1C468F36004AAFDB /* Frameworks */ = {
			isa = PBXFrameworksBuildPhase;
			buildActionMask = 2147483647;
			files = (
			);
			runOnlyForDeploymentPostprocessing = 0;
		};
/* End PBXFrameworksBuildPhase section */

/* Begin PBXGroup section */
		61A4F9331C468F36004AAFDB = {
			isa = PBXGroup;
			children = (
				61A4F93E1C468F36004AAFDB /* ej2 */,
				61A4F9531C468F36004AAFDB /* ej2Tests */,
				61A4F93D1C468F36004AAFDB /* Products */,
			);
			sourceTree = "<group>";
		};
		61A4F93D1C468F36004AAFDB /* Products */ = {
			isa = PBXGroup;
			children = (
				61A4F93C1C468F36004AAFDB /* ej2.app */,
				61A4F9501C468F36004AAFDB /* ej2Tests.xctest */,
			);
			name = Products;
			sourceTree = "<group>";
		};
		61A4F93E1C468F36004AAFDB /* ej2 */ = {
			isa = PBXGroup;
			children = (
				61A4F93F1C468F36004AAFDB /* AppDelegate.swift */,
				61A4F9411C468F36004AAFDB /* ViewController.swift */,
				61A4F9431C468F36004AAFDB /* Main.storyboard */,
				61A4F9461C468F36004AAFDB /* Assets.xcassets */,
				61A4F9481C468F36004AAFDB /* LaunchScreen.storyboard */,
				61A4F94B1C468F36004AAFDB /* Info.plist */,
			);
			path = ej2;
			sourceTree = "<group>";
		};
		61A4F9531C468F36004AAFDB /* ej2Tests */ = {
			isa = PBXGroup;
			children = (
				61A4F9541C468F36004AAFDB /* ej2Tests.swift */,
				61A4F9561C468F36004AAFDB /* Info.plist */,
			);
			path = ej2Tests;
			sourceTree = "<group>";
		};
/* End PBXGroup section */

/* Begin PBXNativeTarget section */
		61A4F93B1C468F36004AAFDB /* ej2 */ = {
			isa = PBXNativeTarget;
			buildConfigurationList = 61A4F9591C468F36004AAFDB /* Build configuration list for PBXNativeTarget "ej2" */;
			buildPhases = (
				61A4F9381C468F36004AAFDB /* Sources */,
				61A4F9391C468F36004AAFDB /* Frameworks */,
				61A4F93A1C468F36004AAFDB /* Resources */,
			);
			buildRules = (
			);
			dependencies = (
			);
			name = ej2;
			productName = ej2;
			productReference = 61A4F93C1C468F36004AAFDB /* ej2.app */;
			productType = "com.apple.product-type.application";
		};
		61A4F94F1C468F36004AAFDB /* ej2Tests */ = {
			isa = PBXNativeTarget;
			buildConfigurationList = 61A4F95C1C468F36004AAFDB /* Build configuration list for PBXNativeTarget "ej2Tests" */;
			buildPhases = (
				61A4F94C1C468F36004AAFDB /* Sources */,
				61A4F94D1C468F36004AAFDB /* Frameworks */,
				61A4F94E1C468F36004AAFDB /* Resources */,
			);
			buildRules = (
			);
			dependencies = (
				61A4F9521C468F36004AAFDB /* PBXTargetDependency */,
			);
			name = ej2Tests;
			productName = ej2Tests;
			productReference = 61A4F9501C468F36004AAFDB /* ej2Tests.xctest */;
			productType = "com.apple.product-type.bundle.unit-test";
		};
/* End PBXNativeTarget section */

/* Begin PBXProject section */
		61A4F9341C468F36004AAFDB /* Project object */ = {
			isa = PBXProject;
			attributes = {
				LastSwiftUpdateCheck = 0720;
				LastUpgradeCheck = 0720;
				ORGANIZATIONNAME = Dana;
				TargetAttributes = {
					61A4F93B1C468F36004AAFDB = {
						CreatedOnToolsVersion = 7.2;
					};
					61A4F94F1C468F36004AAFDB = {
						CreatedOnToolsVersion = 7.2;
						TestTargetID = 61A4F93B1C468F36004AAFDB;
					};
				};
			};
			buildConfigurationList = 61A4F9371C468F36004AAFDB /* Build configuration list for PBXProject "ej2" */;
			compatibilityVersion = "Xcode 3.2";
			developmentRegion = English;
			hasScannedForEncodings = 0;
			knownRegions = (
				en,
				Base,
			);
			mainGroup = 61A4F9331C468F36004AAFDB;
			productRefGroup = 61A4F93D1C468F36004AAFDB /* Products */;
			projectDirPath = "";
			projectRoot = "";
			targets = (
				61A4F93B1C468F36004AAFDB /* ej2 */,
				61A4F94F1C468F36004AAFDB /* ej2Tests */,
			);
		};
/* End PBXProject section */

/* Begin PBXResourcesBuildPhase section */
		61A4F93A1C468F36004AAFDB /* Resources */ = {
			isa = PBXResourcesBuildPhase;
			buildActionMask = 2147483647;
			files = (
				61A4F94A1C468F36004AAFDB /* LaunchScreen.storyboard in Resources */,
				61A4F9471C468F36004AAFDB /* Assets.xcassets in Resources */,
				61A4F9451C468F36004AAFDB /* Main.storyboard in Resources */,
			);
			runOnlyForDeploymentPostprocessing = 0;
		};
		61A4F94E1C468F36004AAFDB /* Resources */ = {
			isa = PBXResourcesBuildPhase;
			buildActionMask = 2147483647;
			files = (
			);
			runOnlyForDeploymentPostprocessing = 0;
		};
/* End PBXResourcesBuildPhase section */

/* Begin PBXSourcesBuildPhase section */
		61A4F9381C468F36004AAFDB /* Sources */ = {
			isa = PBXSourcesBuildPhase;
			buildActionMask = 2147483647;
			files = (
				61A4F9421C468F36004AAFDB /* ViewController.swift in Sources */,
				61A4F9401C468F36004AAFDB /* AppDelegate.swift in Sources */,
			);
			runOnlyForDeploymentPostprocessing = 0;
		};
		61A4F94C1C468F36004AAFDB /* Sources */ = {
			isa = PBXSourcesBuildPhase;
			buildActionMask = 2147483647;
			files = (
				61A4F9551C468F36004AAFDB /* ej2Tests.swift in Sources */,
			);
			runOnlyForDeploymentPostprocessing = 0;
		};
/* End PBXSourcesBuildPhase section */

/* Begin PBXTargetDependency section */
		61A4F9521C468F36004AAFDB /* PBXTargetDependency */ = {
			isa = PBXTargetDependency;
			target = 61A4F93B1C468F36004AAFDB /* ej2 */;
			targetProxy = 61A4F9511C468F36004AAFDB /* PBXContainerItemProxy */;
		};
/* End PBXTargetDependency section */

/* Begin PBXVariantGroup section */
		61A4F9431C468F36004AAFDB /* Main.storyboard */ = {
			isa = PBXVariantGroup;
			children = (
				61A4F9441C468F36004AAFDB /* Base */,
			);
			name = Main.storyboard;
			sourceTree = "<group>";
		};
		61A4F9481C468F36004AAFDB /* LaunchScreen.storyboard */ = {
			isa = PBXVariantGroup;
			children = (
				61A4F9491C468F36004AAFDB /* Base */,
			);
			name = LaunchScreen.storyboard;
			sourceTree = "<group>";
		};
/* End PBXVariantGroup section */

/* Begin XCBuildConfiguration section */
		61A4F9571C468F36004AAFDB /* Debug */ = {
			isa = XCBuildConfiguration;
			buildSettings = {
				ALWAYS_SEARCH_USER_PATHS = NO;
				CLANG_CXX_LANGUAGE_STANDARD = "gnu++0x";
				CLANG_CXX_LIBRARY = "libc++";
				CLANG_ENABLE_MODULES = YES;
				CLANG_ENABLE_OBJC_ARC = YES;
				CLANG_WARN_BOOL_CONVERSION = YES;
				CLANG_WARN_CONSTANT_CONVERSION = YES;
				CLANG_WARN_DIRECT_OBJC_ISA_USAGE = YES_ERROR;
				CLANG_WARN_EMPTY_BODY = YES;
				CLANG_WARN_ENUM_CONVERSION = YES;
				CLANG_WARN_INT_CONVERSION = YES;
				CLANG_WARN_OBJC_ROOT_CLASS = YES_ERROR;
				CLANG_WARN_UNREACHABLE_CODE = YES;
				CLANG_WARN__DUPLICATE_METHOD_MATCH = YES;
				"CODE_SIGN_IDENTITY[sdk=iphoneos*]" = "iPhone Developer";
				COPY_PHASE_STRIP = NO;
				DEBUG_INFORMATION_FORMAT = dwarf;
				ENABLE_STRICT_OBJC_MSGSEND = YES;
				ENABLE_TESTABILITY = YES;
				GCC_C_LANGUAGE_STANDARD = gnu99;
				GCC_DYNAMIC_NO_PIC = NO;
				GCC_NO_COMMON_BLOCKS = YES;
				GCC_OPTIMIZATION_LEVEL = 0;
				GCC_PREPROCESSOR_DEFINITIONS = (
					"DEBUG=1",
					"$(inherited)",
				);
				GCC_WARN_64_TO_32_BIT_CONVERSION = YES;
				GCC_WARN_ABOUT_RETURN_TYPE = YES_ERROR;
				GCC_WARN_UNDECLARED_SELECTOR = YES;
				GCC_WARN_UNINITIALIZED_AUTOS = YES_AGGRESSIVE;
				GCC_WARN_UNUSED_FUNCTION = YES;
				GCC_WARN_UNUSED_VARIABLE = YES;
				IPHONEOS_DEPLOYMENT_TARGET = 9.2;
				MTL_ENABLE_DEBUG_INFO = YES;
				ONLY_ACTIVE_ARCH = YES;
				SDKROOT = iphoneos;
				SWIFT_OPTIMIZATION_LEVEL = "-Onone";
			};
			name = Debug;
		};
		61A4F9581C468F36004AAFDB /* Release */ = {
			isa = XCBuildConfiguration;
			buildSettings = {
				ALWAYS_SEARCH_USER_PATHS = NO;
				CLANG_CXX_LANGUAGE_STANDARD = "gnu++0x";
				CLANG_CXX_LIBRARY = "libc++";
				CLANG_ENABLE_MODULES = YES;
				CLANG_ENABLE_OBJC_ARC = YES;
				CLANG_WARN_BOOL_CONVERSION = YES;
				CLANG_WARN_CONSTANT_CONVERSION = YES;
				CLANG_WARN_DIRECT_OBJC_ISA_USAGE = YES_ERROR;
				CLANG_WARN_EMPTY_BODY = YES;
				CLANG_WARN_ENUM_CONVERSION = YES;
				CLANG_WARN_INT_CONVERSION = YES;
				CLANG_WARN_OBJC_ROOT_CLASS = YES_ERROR;
				CLANG_WARN_UNREACHABLE_CODE = YES;
				CLANG_WARN__DUPLICATE_METHOD_MATCH = YES;
				"CODE_SIGN_IDENTITY[sdk=iphoneos*]" = "iPhone Developer";
				COPY_PHASE_STRIP = NO;
				DEBUG_INFORMATION_FORMAT = "dwarf-with-dsym";
				ENABLE_NS_ASSERTIONS = NO;
				ENABLE_STRICT_OBJC_MSGSEND = YES;
				GCC_C_LANGUAGE_STANDARD = gnu99;
				GCC_NO_COMMON_BLOCKS = YES;
				GCC_WARN_64_TO_32_BIT_CONVERSION = YES;
				GCC_WARN_ABOUT_RETURN_TYPE = YES_ERROR;
				GCC_WARN_UNDECLARED_SELECTOR = YES;
				GCC_WARN_UNINITIALIZED_AUTOS = YES_AGGRESSIVE;
				GCC_WARN_UNUSED_FUNCTION = YES;
				GCC_WARN_UNUSED_VARIABLE = YES;
				IPHONEOS_DEPLOYMENT_TARGET = 9.2;
				MTL_ENABLE_DEBUG_INFO = NO;
				SDKROOT = iphoneos;
				VALIDATE_PRODUCT = YES;
			};
			name = Release;
		};
		61A4F95A1C468F36004AAFDB /* Debug */ = {
			isa = XCBuildConfiguration;
			buildSettings = {
				ASSETCATALOG_COMPILER_APPICON_NAME = AppIcon;
				INFOPLIST_FILE = ej2/Info.plist;
				LD_RUNPATH_SEARCH_PATHS = "$(inherited) @executable_path/Frameworks";
				PRODUCT_BUNDLE_IDENTIFIER = dtilve.ej2;
				PRODUCT_NAME = "$(TARGET_NAME)";
			};
			name = Debug;
		};
		61A4F95B1C468F36004AAFDB /* Release */ = {
			isa = XCBuildConfiguration;
			buildSettings = {
				ASSETCATALOG_COMPILER_APPICON_NAME = AppIcon;
				INFOPLIST_FILE = ej2/Info.plist;
				LD_RUNPATH_SEARCH_PATHS = "$(inherited) @executable_path/Frameworks";
				PRODUCT_BUNDLE_IDENTIFIER = dtilve.ej2;
				PRODUCT_NAME = "$(TARGET_NAME)";
			};
			name = Release;
		};
		61A4F95D1C468F36004AAFDB /* Debug */ = {
			isa = XCBuildConfiguration;
			buildSettings = {
				BUNDLE_LOADER = "$(TEST_HOST)";
				INFOPLIST_FILE = ej2Tests/Info.plist;
				LD_RUNPATH_SEARCH_PATHS = "$(inherited) @executable_path/Frameworks @loader_path/Frameworks";
				PRODUCT_BUNDLE_IDENTIFIER = dtilve.ej2Tests;
				PRODUCT_NAME = "$(TARGET_NAME)";
				TEST_HOST = "$(BUILT_PRODUCTS_DIR)/ej2.app/ej2";
			};
			name = Debug;
		};
		61A4F95E1C468F36004AAFDB /* Release */ = {
			isa = XCBuildConfiguration;
			buildSettings = {
				BUNDLE_LOADER = "$(TEST_HOST)";
				INFOPLIST_FILE = ej2Tests/Info.plist;
				LD_RUNPATH_SEARCH_PATHS = "$(inherited) @executable_path/Frameworks @loader_path/Frameworks";
				PRODUCT_BUNDLE_IDENTIFIER = dtilve.ej2Tests;
				PRODUCT_NAME = "$(TARGET_NAME)";
				TEST_HOST = "$(BUILT_PRODUCTS_DIR)/ej2.app/ej2";
			};
			name = Release;
		};
/* End XCBuildConfiguration section */

/* Begin XCConfigurationList section */
		61A4F9371C468F36004AAFDB /* Build configuration list for PBXProject "ej2" */ = {
			isa = XCConfigurationList;
			buildConfigurations = (
				61A4F9571C468F36004AAFDB /* Debug */,
				61A4F9581C468F36004AAFDB /* Release */,
			);
			defaultConfigurationIsVisible = 0;
			defaultConfigurationName = Release;
		};
		61A4F9591C468F36004AAFDB /* Build configuration list for PBXNativeTarget "ej2" */ = {
			isa = XCConfigurationList;
			buildConfigurations = (
				61A4F95A1C468F36004AAFDB /* Debug */,
				61A4F95B1C468F36004AAFDB /* Release */,
			);
			defaultConfigurationIsVisible = 0;
		};
		61A4F95C1C468F36004AAFDB /* Build configuration list for PBXNativeTarget "ej2Tests" */ = {
			isa = XCConfigurationList;
			buildConfigurations = (
				61A4F95D1C468F36004AAFDB /* Debug */,
				61A4F95E1C468F36004AAFDB /* Release */,
			);
			defaultConfigurationIsVisible = 0;
		};
/* End XCConfigurationList section */
	};
	rootObject = 61A4F9341C468F36004AAFDB /* Project object */;
}
